
Microsoft Visual Studio Solution File, Format Version 12.00
# Visual Studio 15
VisualStudioVersion = 15.0.26403.7
MinimumVisualStudioVersion = 10.0.40219.1
Project("{FAE04EC0-301F-11D3-BF4B-00C04F79EFBC}") = "WpfTest", "WpfTest\WpfTest.csproj", "{722273C7-7544-41DB-9D87-92C36B754D4F}"
EndProject
Project("{FAE04EC0-301F-11D3-BF4B-00C04F79EFBC}") = "HexView", "HexView\HexView.csproj", "{E3E3927B-F6FB-45EC-A490-665EC7BAC639}"
EndProject
Project("{FAE04EC0-301F-11D3-BF4B-00C04F79EFBC}") = "UnitTestsLan", "UnitTestsLan\UnitTestsLan.csproj", "{D78E5470-3CAA-4D8B-9CF6-9E829ED1F9A1}"
EndProject
Project("{FAE04EC0-301F-11D3-BF4B-00C04F79EFBC}") = "XLang", "XLang\XLang.csproj", "{07CDF4C0-33F8-4639-9920-ED8736FD95C7}"
EndProject
Project("{FAE04EC0-301F-11D3-BF4B-00C04F79EFBC}") = "MVVMCore", "MVVMCore\MVVMCore.csproj", "{10563FAF-5C2F-46AA-B451-93BD5AD59769}"
EndProject
Project("{FAE04EC0-301F-11D3-BF4B-00C04F79EFBC}") = "CRUDContainer", "CRUDContainer\CRUDContainer.csproj", "{97BA2A85-5CA7-45D1-8366-DC33BD821953}"
EndProject
Project("{2150E333-8FDC-42A3-9474-1A3956D46DE8}") = "UnitTests", "UnitTests", "{CEE4FA27-E8AE-4B1A-83FE-7B7F1812B5B9}"
EndProject
Project("{2150E333-8FDC-42A3-9474-1A3956D46DE8}") = "Utils", "Utils", "{9221C6E5-56A3-4BCE-8188-7445770CFFDF}"
EndProject
Project("{FAE04EC0-301F-11D3-BF4B-00C04F79EFBC}") = "CRUDContainerTest", "CRUDContainerTest\CRUDContainerTest.csproj", "{B0885C8F-158E-4029-AB72-359E4E16F85B}"
EndProject
Project("{2150E333-8FDC-42A3-9474-1A3956D46DE8}") = "Controls", "Controls", "{F19385EF-4AEB-45A3-B647-35FD7757E697}"
EndProject
Global
	GlobalSection(SolutionConfigurationPlatforms) = preSolution
		Debug|Any CPU = Debug|Any CPU
		Debug|x64 = Debug|x64
		Release|Any CPU = Release|Any CPU
		Release|x64 = Release|x64
	EndGlobalSection
	GlobalSection(ProjectConfigurationPlatforms) = postSolution
		{722273C7-7544-41DB-9D87-92C36B754D4F}.Debug|Any CPU.ActiveCfg = Debug|Any CPU
		{722273C7-7544-41DB-9D87-92C36B754D4F}.Debug|Any CPU.Build.0 = Debug|Any CPU
		{722273C7-7544-41DB-9D87-92C36B754D4F}.Debug|x64.ActiveCfg = Debug|Any CPU
		{722273C7-7544-41DB-9D87-92C36B754D4F}.Debug|x64.Build.0 = Debug|Any CPU
		{722273C7-7544-41DB-9D87-92C36B754D4F}.Release|Any CPU.ActiveCfg = Release|Any CPU
		{722273C7-7544-41DB-9D87-92C36B754D4F}.Release|Any CPU.Build.0 = Release|Any CPU
		{722273C7-7544-41DB-9D87-92C36B754D4F}.Release|x64.ActiveCfg = Release|Any CPU
		{722273C7-7544-41DB-9D87-92C36B754D4F}.Release|x64.Build.0 = Release|Any CPU
		{E3E3927B-F6FB-45EC-A490-665EC7BAC639}.Debug|Any CPU.ActiveCfg = Debug|Any CPU
		{E3E3927B-F6FB-45EC-A490-665EC7BAC639}.Debug|Any CPU.Build.0 = Debug|Any CPU
		{E3E3927B-F6FB-45EC-A490-665EC7BAC639}.Debug|x64.ActiveCfg = Debug|Any CPU
		{E3E3927B-F6FB-45EC-A490-665EC7BAC639}.Debug|x64.Build.0 = Debug|Any CPU
		{E3E3927B-F6FB-45EC-A490-665EC7BAC639}.Release|Any CPU.ActiveCfg = Release|Any CPU
		{E3E3927B-F6FB-45EC-A490-665EC7BAC639}.Release|Any CPU.Build.0 = Release|Any CPU
		{E3E3927B-F6FB-45EC-A490-665EC7BAC639}.Release|x64.ActiveCfg = Release|Any CPU
		{E3E3927B-F6FB-45EC-A490-665EC7BAC639}.Release|x64.Build.0 = Release|Any CPU
		{D78E5470-3CAA-4D8B-9CF6-9E829ED1F9A1}.Debug|Any CPU.ActiveCfg = Debug|Any CPU
		{D78E5470-3CAA-4D8B-9CF6-9E829ED1F9A1}.Debug|Any CPU.Build.0 = Debug|Any CPU
		{D78E5470-3CAA-4D8B-9CF6-9E829ED1F9A1}.Debug|x64.ActiveCfg = Debug|Any CPU
		{D78E5470-3CAA-4D8B-9CF6-9E829ED1F9A1}.Debug|x64.Build.0 = Debug|Any CPU
		{D78E5470-3CAA-4D8B-9CF6-9E829ED1F9A1}.Release|Any CPU.ActiveCfg = Release|Any CPU
		{D78E5470-3CAA-4D8B-9CF6-9E829ED1F9A1}.Release|Any CPU.Build.0 = Release|Any CPU
		{D78E5470-3CAA-4D8B-9CF6-9E829ED1F9A1}.Release|x64.ActiveCfg = Release|Any CPU
		{D78E5470-3CAA-4D8B-9CF6-9E829ED1F9A1}.Release|x64.Build.0 = Release|Any CPU
		{07CDF4C0-33F8-4639-9920-ED8736FD95C7}.Debug|Any CPU.ActiveCfg = Debug|Any CPU
		{07CDF4C0-33F8-4639-9920-ED8736FD95C7}.Debug|Any CPU.Build.0 = Debug|Any CPU
		{07CDF4C0-33F8-4639-9920-ED8736FD95C7}.Debug|x64.ActiveCfg = Debug|Any CPU
		{07CDF4C0-33F8-4639-9920-ED8736FD95C7}.Debug|x64.Build.0 = Debug|Any CPU
		{07CDF4C0-33F8-4639-9920-ED8736FD95C7}.Release|Any CPU.ActiveCfg = Release|Any CPU
		{07CDF4C0-33F8-4639-9920-ED8736FD95C7}.Release|Any CPU.Build.0 = Release|Any CPU
		{07CDF4C0-33F8-4639-9920-ED8736FD95C7}.Release|x64.ActiveCfg = Release|Any CPU
		{07CDF4C0-33F8-4639-9920-ED8736FD95C7}.Release|x64.Build.0 = Release|Any CPU
		{10563FAF-5C2F-46AA-B451-93BD5AD59769}.Debug|Any CPU.ActiveCfg = Debug|Any CPU
		{10563FAF-5C2F-46AA-B451-93BD5AD59769}.Debug|Any CPU.Build.0 = Debug|Any CPU
		{10563FAF-5C2F-46AA-B451-93BD5AD59769}.Debug|x64.ActiveCfg = Debug|Any CPU
		{10563FAF-5C2F-46AA-B451-93BD5AD59769}.Debug|x64.Build.0 = Debug|Any CPU
		{10563FAF-5C2F-46AA-B451-93BD5AD59769}.Release|Any CPU.ActiveCfg = Release|Any CPU
		{10563FAF-5C2F-46AA-B451-93BD5AD59769}.Release|Any CPU.Build.0 = Release|Any CPU
		{10563FAF-5C2F-46AA-B451-93BD5AD59769}.Release|x64.ActiveCfg = Release|Any CPU
		{10563FAF-5C2F-46AA-B451-93BD5AD59769}.Release|x64.Build.0 = Release|Any CPU
		{97BA2A85-5CA7-45D1-8366-DC33BD821953}.Debug|Any CPU.ActiveCfg = Debug|Any CPU
		{97BA2A85-5CA7-45D1-8366-DC33BD821953}.Debug|Any CPU.Build.0 = Debug|Any CPU
		{97BA2A85-5CA7-45D1-8366-DC33BD821953}.Debug|x64.ActiveCfg = Debug|Any CPU
		{97BA2A85-5CA7-45D1-8366-DC33BD821953}.Debug|x64.Build.0 = Debug|Any CPU
		{97BA2A85-5CA7-45D1-8366-DC33BD821953}.Release|Any CPU.ActiveCfg = Release|Any CPU
		{97BA2A85-5CA7-45D1-8366-DC33BD821953}.Release|Any CPU.Build.0 = Release|Any CPU
		{97BA2A85-5CA7-45D1-8366-DC33BD821953}.Release|x64.ActiveCfg = Release|Any CPU
		{97BA2A85-5CA7-45D1-8366-DC33BD821953}.Release|x64.Build.0 = Release|Any CPU
		{B0885C8F-158E-4029-AB72-359E4E16F85B}.Debug|Any CPU.ActiveCfg = Debug|Any CPU
		{B0885C8F-158E-4029-AB72-359E4E16F85B}.Debug|Any CPU.Build.0 = Debug|Any CPU
		{B0885C8F-158E-4029-AB72-359E4E16F85B}.Debug|x64.ActiveCfg = Debug|x64
		{B0885C8F-158E-4029-AB72-359E4E16F85B}.Debug|x64.Build.0 = Debug|x64
		{B0885C8F-158E-4029-AB72-359E4E16F85B}.Release|Any CPU.ActiveCfg = Release|Any CPU
		{B0885C8F-158E-4029-AB72-359E4E16F85B}.Release|Any CPU.Build.0 = Release|Any CPU
		{B0885C8F-158E-4029-AB72-359E4E16F85B}.Release|x64.ActiveCfg = Release|x64
		{B0885C8F-158E-4029-AB72-359E4E16F85B}.Release|x64.Build.0 = Release|x64
	EndGlobalSection
	GlobalSection(SolutionProperties) = preSolution
		HideSolutionNode = FALSE
	EndGlobalSection
	GlobalSection(NestedProjects) = preSolution
		{D78E5470-3CAA-4D8B-9CF6-9E829ED1F9A1} = {CEE4FA27-E8AE-4B1A-83FE-7B7F1812B5B9}
		{10563FAF-5C2F-46AA-B451-93BD5AD59769} = {9221C6E5-56A3-4BCE-8188-7445770CFFDF}
		{97BA2A85-5CA7-45D1-8366-DC33BD821953} = {F19385EF-4AEB-45A3-B647-35FD7757E697}
		{B0885C8F-158E-4029-AB72-359E4E16F85B} = {CEE4FA27-E8AE-4B1A-83FE-7B7F1812B5B9}
	EndGlobalSection
EndGlobal
